
Microsoft Visual Studio Solution File, Format Version 12.00
# Visual Studio 15
VisualStudioVersion = 15.0.28307.539
MinimumVisualStudioVersion = 10.0.40219.1
Project("{FAE04EC0-301F-11D3-BF4B-00C04F79EFBC}") = "MyAppFromScratch", "MyAppFromScratch\MyAppFromScratch.csproj", "{0C1A759C-D291-4DF4-A77A-F0DECD9D1BF7}"
EndProject
Project("{FAE04EC0-301F-11D3-BF4B-00C04F79EFBC}") = "MyAppAPI", "MyAppAPI\MyAppAPI.csproj", "{845D20E3-F600-4D5F-B976-0F003C97D1FC}"
EndProject
Project("{FAE04EC0-301F-11D3-BF4B-00C04F79EFBC}") = "TestingConsole", "TestingConsole\TestingConsole.csproj", "{9F077BD9-B4C8-40A5-B0EB-7C1AA7E62D6D}"
EndProject
Global
	GlobalSection(SolutionConfigurationPlatforms) = preSolution
		Debug|Any CPU = Debug|Any CPU
		Release|Any CPU = Release|Any CPU
	EndGlobalSection
	GlobalSection(ProjectConfigurationPlatforms) = postSolution
		{0C1A759C-D291-4DF4-A77A-F0DECD9D1BF7}.Debug|Any CPU.ActiveCfg = Debug|Any CPU
		{0C1A759C-D291-4DF4-A77A-F0DECD9D1BF7}.Debug|Any CPU.Build.0 = Debug|Any CPU
		{0C1A759C-D291-4DF4-A77A-F0DECD9D1BF7}.Release|Any CPU.ActiveCfg = Release|Any CPU
		{0C1A759C-D291-4DF4-A77A-F0DECD9D1BF7}.Release|Any CPU.Build.0 = Release|Any CPU
		{845D20E3-F600-4D5F-B976-0F003C97D1FC}.Debug|Any CPU.ActiveCfg = Debug|Any CPU
		{845D20E3-F600-4D5F-B976-0F003C97D1FC}.Debug|Any CPU.Build.0 = Debug|Any CPU
		{845D20E3-F600-4D5F-B976-0F003C97D1FC}.Release|Any CPU.ActiveCfg = Release|Any CPU
		{845D20E3-F600-4D5F-B976-0F003C97D1FC}.Release|Any CPU.Build.0 = Release|Any CPU
		{9F077BD9-B4C8-40A5-B0EB-7C1AA7E62D6D}.Debug|Any CPU.ActiveCfg = Debug|Any CPU
		{9F077BD9-B4C8-40A5-B0EB-7C1AA7E62D6D}.Debug|Any CPU.Build.0 = Debug|Any CPU
		{9F077BD9-B4C8-40A5-B0EB-7C1AA7E62D6D}.Release|Any CPU.ActiveCfg = Release|Any CPU
		{9F077BD9-B4C8-40A5-B0EB-7C1AA7E62D6D}.Release|Any CPU.Build.0 = Release|Any CPU
	EndGlobalSection
	GlobalSection(SolutionProperties) = preSolution
		HideSolutionNode = FALSE
	EndGlobalSection
	GlobalSection(ExtensibilityGlobals) = postSolution
		SolutionGuid = {3F918558-6DAA-41B8-96D4-7803151796D0}
	EndGlobalSection
EndGlobal
